about: A script for automated tasks.
commands:
  help:
    about: Describe this script.
    exec:
      argv:
        - bash
        - '-lc'
        - |
          cat <<'EOF'
          timeclock

          A script for automated tasks.

          EOF
  run:
    about: 'Run the linked script; forwards args.'
    exec:
      argv:
        - bash
        - -lc
        - |
          # (c) 2022 Pat Beagan: MIT License

          timeclock () 
          { 
              printf "%s\t|%s\n" "$1" "`date`" >> ~/timeclock.log
          }

          timeclock "$@"
      passthrough: true
